
Microsoft Visual Studio Solution File, Format Version 12.00
# Visual Studio Version 17
VisualStudioVersion = 17.14.36301.6 d17.14
MinimumVisualStudioVersion = 10.0.40219.1
Project("{FAE04EC0-301F-11D3-BF4B-00C04F79EFBC}") = "KitchenHelper", "KitchenHelper.csproj", "{9FDAFC7F-A30A-40FA-3249-B44B6B2984DC}"
EndProject
Global
	GlobalSection(SolutionConfigurationPlatforms) = preSolution
		Debug|Any CPU = Debug|Any CPU
		Release|Any CPU = Release|Any CPU
	EndGlobalSection
	GlobalSection(ProjectConfigurationPlatforms) = postSolution
		{9FDAFC7F-A30A-40FA-3249-B44B6B2984DC}.Debug|Any CPU.ActiveCfg = Debug|Any CPU
		{9FDAFC7F-A30A-40FA-3249-B44B6B2984DC}.Debug|Any CPU.Build.0 = Debug|Any CPU
		{9FDAFC7F-A30A-40FA-3249-B44B6B2984DC}.Debug|Any CPU.Deploy.0 = Debug|Any CPU
		{9FDAFC7F-A30A-40FA-3249-B44B6B2984DC}.Release|Any CPU.ActiveCfg = Release|Any CPU
		{9FDAFC7F-A30A-40FA-3249-B44B6B2984DC}.Release|Any CPU.Build.0 = Release|Any CPU
	EndGlobalSection
	GlobalSection(SolutionProperties) = preSolution
		HideSolutionNode = FALSE
	EndGlobalSection
	GlobalSection(ExtensibilityGlobals) = postSolution
		SolutionGuid = {76FEA99E-73D7-49A9-BFE5-A954DC0E1958}
	EndGlobalSection
EndGlobal
